{
    "_readme": [
        "This file locks the dependencies of your project to a known state",
        "Read more about it at https://getcomposer.org/doc/01-basic-usage.md#installing-dependencies",
        "This file is @generated automatically"
    ],
    "content-hash": "fbb8fbf2971562ce44099a1ba0acbeaf",
    "packages": [
        {
            "name": "boldgrid/library",
            "version": "2.9.2",
            "source": {
                "type": "git",
                "url": "https://github.com/BoldGrid/library.git",
                "reference": "1f703de85afb9e218af0781c5973510894325631"
            },
            "dist": {
                "type": "zip",
                "url": "https://api.github.com/repos/BoldGrid/library/zipball/1f703de85afb9e218af0781c5973510894325631",
                "reference": "1f703de85afb9e218af0781c5973510894325631",
                "shasum": ""
            },
            "type": "library",
            "autoload": {
                "psr-4": {
                    "Boldgrid\\Library\\Util\\": "src/Util"
                }
            },
            "notification-url": "https://packagist.org/downloads/",
            "license": [
                "GPL-2.0-or-later"
            ],
            "authors": [
                {
                    "name": "Tim Elsass",
                    "role": "Developer",
                    "email": "dev@tim.ph",
                    "homepage": "http://tim.ph"
                },
                {
                    "name": "Rafael Ramos",
                    "role": "Developer",
                    "homepage": "http://rafael-ramos.com"
                },
                {
                    "name": "Joe Cartonia",
                    "role": "Developer",
                    "email": "joec@boldgrid.com",
                    "homepage": "https://twitter.com/joemotocss"
                },
                {
                    "name": "bwmarkle",
                    "role": "Developer"
                }
            ],
            "description": "The BoldGrid Library for shared code used in official BoldGrid plugins and themes.",
            "time": "2019-08-01T18:27:41+00:00"
        }
    ],
    "packages-dev": [],
    "aliases": [],
    "minimum-stability": "stable",
    "stability-flags": [],
    "prefer-stable": false,
    "prefer-lowest": false,
    "platform": [],
    "platform-dev": []
}
